<?xml version="1.0" encoding="utf-8"?>
<Project ToolsVersion="4.0" xmlns="http://schemas.microsoft.com/developer/msbuild/2003">
  <ItemGroup>
    <Filter Include="Header Files">
      <UniqueIdentifier>{93995380-89BD-4b04-88EB-625FBE52EBFB}</UniqueIdentifier>
      <Extensions>h;hh;hpp;hxx;h++;hm;inl;inc;ipp;xsd</Extensions>
    </Filter>
    <Filter Include="Resource Files">
      <UniqueIdentifier>{67DA6AB6-F800-4c08-8B7A-83BB121AAD01}</UniqueIdentifier>
      <Extensions>rc;ico;cur;bmp;dlg;rc2;rct;bin;rgs;gif;jpg;jpeg;jpe;resx;tiff;tif;png;wav;mfcribbon-ms</Extensions>
    </Filter>
    <Filter Include="src">
      <UniqueIdentifier>{4FC737F1-C7A5-4376-A066-2A32D752A2FF}</UniqueIdentifier>
      <Extensions>cpp;c;cc;cxx;c++;cppm;ixx;def;odl;idl;hpj;bat;asm;asmx</Extensions>
    </Filter>
    <Filter Include="src\maths">
      <UniqueIdentifier>{6dd8d718-6658-4c81-b801-f6bcc5d62281}</UniqueIdentifier>
    </Filter>
    <Filter Include="src\graphics">
      <UniqueIdentifier>{d5f8e2ec-650f-4905-a440-51db02df4322}</UniqueIdentifier>
    </Filter>
    <Filter Include="src\input">
      <UniqueIdentifier>{36c072f1-197a-4313-b2fc-abd3db0a45a1}</UniqueIdentifier>
    </Filter>
    <Filter Include="src\utils">
      <UniqueIdentifier>{c92f3912-f86c-4579-adae-5fb2e90bebac}</UniqueIdentifier>
    </Filter>
    <Filter Include="src\shaders">
      <UniqueIdentifier>{336a5f5b-af49-477b-957f-d64612a322f7}</UniqueIdentifier>
    </Filter>
    <Filter Include="src\graphics\Buffers">
      <UniqueIdentifier>{32345268-518a-44b2-8dc6-a5271f02b12a}</UniqueIdentifier>
    </Filter>
    <Filter Include="Source Files">
      <UniqueIdentifier>{a95324c2-da46-4554-8b89-020e41dc1d10}</UniqueIdentifier>
    </Filter>
    <Filter Include="Source Files\ext">
      <UniqueIdentifier>{b2107432-e8dc-4fee-8dcc-e0d047823d8d}</UniqueIdentifier>
    </Filter>
    <Filter Include="Source Files\ext\Freetype">
      <UniqueIdentifier>{d25ea886-903e-46fb-9c4b-7b241e2aabda}</UniqueIdentifier>
    </Filter>
    <Filter Include="Source Files\ext\Freetype\FT_MODULES">
      <UniqueIdentifier>{4064875b-e7e6-449d-8124-95d5faef31ae}</UniqueIdentifier>
    </Filter>
    <Filter Include="Header Files\ext">
      <UniqueIdentifier>{3a3da5af-2390-4c6f-8037-a8bce914d7bb}</UniqueIdentifier>
    </Filter>
    <Filter Include="Header Files\ext\Freetype">
      <UniqueIdentifier>{8101b75d-56e1-44b2-a2ca-a8fd9ab8a035}</UniqueIdentifier>
    </Filter>
    <Filter Include="Source Files\ext\Freetype-gl">
      <UniqueIdentifier>{e1cc5069-2740-496f-9476-8ea94f76709e}</UniqueIdentifier>
    </Filter>
    <Filter Include="Header Files\ext\Freetype-gl">
      <UniqueIdentifier>{3273a625-a2d4-4913-8028-8c8666ac3dbc}</UniqueIdentifier>
    </Filter>
  </ItemGroup>
  <ItemGroup>
    <ClCompile Include="main.cpp">
      <Filter>src</Filter>
    </ClCompile>
    <ClCompile Include="source\graphics\Window.cpp">
      <Filter>src\graphics</Filter>
    </ClCompile>
    <ClCompile Include="source\math\Vec2.cpp">
      <Filter>src\maths</Filter>
    </ClCompile>
    <ClCompile Include="source\math\Vec3.cpp">
      <Filter>src\maths</Filter>
    </ClCompile>
    <ClCompile Include="source\math\Vec4.cpp">
      <Filter>src\maths</Filter>
    </ClCompile>
    <ClCompile Include="source\math\Matrix4.cpp">
      <Filter>src\maths</Filter>
    </ClCompile>
    <ClCompile Include="source\graphics\Shader.cpp">
      <Filter>src\graphics</Filter>
    </ClCompile>
    <ClCompile Include="source\graphics\buffer\VertexBuffer.cpp">
      <Filter>src</Filter>
    </ClCompile>
    <ClCompile Include="source\graphics\buffer\IndexBuffer.cpp">
      <Filter>src</Filter>
    </ClCompile>
    <ClCompile Include="source\graphics\buffer\VertexArray.cpp">
      <Filter>src</Filter>
    </ClCompile>
    <ClCompile Include="source\graphics\Simple2DRenderer.cpp">
      <Filter>src</Filter>
    </ClCompile>
    <ClCompile Include="source\graphics\BatchRenderer2D.cpp">
      <Filter>src</Filter>
    </ClCompile>
    <ClCompile Include="source\graphics\StaticSprite.cpp">
      <Filter>src</Filter>
    </ClCompile>
    <ClCompile Include="source\graphics\Sprite.cpp">
      <Filter>src</Filter>
    </ClCompile>
    <ClCompile Include="source\graphics\layers\Layer.cpp">
      <Filter>src</Filter>
    </ClCompile>
    <ClCompile Include="source\graphics\layers\TileLayer.cpp">
      <Filter>src</Filter>
    </ClCompile>
    <ClCompile Include="source\graphics\Group.cpp">
      <Filter>src</Filter>
    </ClCompile>
    <ClCompile Include="source\graphics\Texture.cpp">
      <Filter>src</Filter>
    </ClCompile>
    <ClCompile Include="ext\Freetype\src\autofit\autofit.c">
      <Filter>Source Files\ext\Freetype</Filter>
    </ClCompile>
    <ClCompile Include="ext\Freetype\src\bdf\bdf.c">
      <Filter>Source Files\ext\Freetype</Filter>
    </ClCompile>
    <ClCompile Include="ext\Freetype\src\cff\cff.c">
      <Filter>Source Files\ext\Freetype</Filter>
    </ClCompile>
    <ClCompile Include="ext\Freetype\src\base\ftbase.c">
      <Filter>Source Files\ext\Freetype</Filter>
    </ClCompile>
    <ClCompile Include="ext\Freetype\src\base\ftbitmap.c">
      <Filter>Source Files\ext\Freetype</Filter>
    </ClCompile>
    <ClCompile Include="ext\Freetype\src\cache\ftcache.c">
      <Filter>Source Files\ext\Freetype</Filter>
    </ClCompile>
    <ClCompile Include="ext\Freetype\src\base\ftdebug.c">
      <Filter>Source Files\ext\Freetype</Filter>
    </ClCompile>
    <ClCompile Include="ext\Freetype\src\base\ftfstype.c">
      <Filter>Source Files\ext\Freetype</Filter>
    </ClCompile>
    <ClCompile Include="ext\Freetype\src\base\ftgasp.c">
      <Filter>Source Files\ext\Freetype</Filter>
    </ClCompile>
    <ClCompile Include="ext\Freetype\src\base\ftglyph.c">
      <Filter>Source Files\ext\Freetype</Filter>
    </ClCompile>
    <ClCompile Include="ext\Freetype\src\gzip\ftgzip.c">
      <Filter>Source Files\ext\Freetype</Filter>
    </ClCompile>
    <ClCompile Include="ext\Freetype\src\base\ftinit.c">
      <Filter>Source Files\ext\Freetype</Filter>
    </ClCompile>
    <ClCompile Include="ext\Freetype\src\lzw\ftlzw.c">
      <Filter>Source Files\ext\Freetype</Filter>
    </ClCompile>
    <ClCompile Include="ext\Freetype\src\base\ftstroke.c">
      <Filter>Source Files\ext\Freetype</Filter>
    </ClCompile>
    <ClCompile Include="ext\Freetype\src\base\ftsystem.c">
      <Filter>Source Files\ext\Freetype</Filter>
    </ClCompile>
    <ClCompile Include="ext\Freetype\src\smooth\smooth.c">
      <Filter>Source Files\ext\Freetype</Filter>
    </ClCompile>
    <ClCompile Include="ext\Freetype\src\base\ftbbox.c">
      <Filter>Source Files\ext\Freetype\FT_MODULES</Filter>
    </ClCompile>
    <ClCompile Include="ext\Freetype\src\base\ftgxval.c">
      <Filter>Source Files\ext\Freetype\FT_MODULES</Filter>
    </ClCompile>
    <ClCompile Include="ext\Freetype\src\base\ftlcdfil.c">
      <Filter>Source Files\ext\Freetype\FT_MODULES</Filter>
    </ClCompile>
    <ClCompile Include="ext\Freetype\src\base\ftmm.c">
      <Filter>Source Files\ext\Freetype\FT_MODULES</Filter>
    </ClCompile>
    <ClCompile Include="ext\Freetype\src\base\ftotval.c">
      <Filter>Source Files\ext\Freetype\FT_MODULES</Filter>
    </ClCompile>
    <ClCompile Include="ext\Freetype\src\base\ftpatent.c">
      <Filter>Source Files\ext\Freetype\FT_MODULES</Filter>
    </ClCompile>
    <ClCompile Include="ext\Freetype\src\base\ftpfr.c">
      <Filter>Source Files\ext\Freetype\FT_MODULES</Filter>
    </ClCompile>
    <ClCompile Include="ext\Freetype\src\base\ftsynth.c">
      <Filter>Source Files\ext\Freetype\FT_MODULES</Filter>
    </ClCompile>
    <ClCompile Include="ext\Freetype\src\base\fttype1.c">
      <Filter>Source Files\ext\Freetype\FT_MODULES</Filter>
    </ClCompile>
    <ClCompile Include="ext\Freetype\src\base\ftwinfnt.c">
      <Filter>Source Files\ext\Freetype\FT_MODULES</Filter>
    </ClCompile>
    <ClCompile Include="ext\Freetype\src\base\ftxf86.c">
      <Filter>Source Files\ext\Freetype\FT_MODULES</Filter>
    </ClCompile>
    <ClCompile Include="ext\Freetype\src\pcf\pcf.c">
      <Filter>Source Files\ext\Freetype\FT_MODULES</Filter>
    </ClCompile>
    <ClCompile Include="ext\Freetype\src\pfr\pfr.c">
      <Filter>Source Files\ext\Freetype\FT_MODULES</Filter>
    </ClCompile>
    <ClCompile Include="ext\Freetype\src\psaux\psaux.c">
      <Filter>Source Files\ext\Freetype\FT_MODULES</Filter>
    </ClCompile>
    <ClCompile Include="ext\Freetype\src\pshinter\pshinter.c">
      <Filter>Source Files\ext\Freetype\FT_MODULES</Filter>
    </ClCompile>
    <ClCompile Include="ext\Freetype\src\psnames\psmodule.c">
      <Filter>Source Files\ext\Freetype\FT_MODULES</Filter>
    </ClCompile>
    <ClCompile Include="ext\Freetype\src\raster\raster.c">
      <Filter>Source Files\ext\Freetype\FT_MODULES</Filter>
    </ClCompile>
    <ClCompile Include="ext\Freetype\src\sfnt\sfnt.c">
      <Filter>Source Files\ext\Freetype\FT_MODULES</Filter>
    </ClCompile>
    <ClCompile Include="ext\Freetype\src\truetype\truetype.c">
      <Filter>Source Files\ext\Freetype\FT_MODULES</Filter>
    </ClCompile>
    <ClCompile Include="ext\Freetype\src\type1\type1.c">
      <Filter>Source Files\ext\Freetype\FT_MODULES</Filter>
    </ClCompile>
    <ClCompile Include="ext\Freetype\src\cid\type1cid.c">
      <Filter>Source Files\ext\Freetype\FT_MODULES</Filter>
    </ClCompile>
    <ClCompile Include="ext\Freetype\src\type42\type42.c">
      <Filter>Source Files\ext\Freetype\FT_MODULES</Filter>
    </ClCompile>
    <ClCompile Include="ext\Freetype\src\winfonts\winfnt.c">
      <Filter>Source Files\ext\Freetype\FT_MODULES</Filter>
    </ClCompile>
    <ClCompile Include="ext\FreetypeGL\freetype-gl-master\distance-field.c">
      <Filter>Source Files\ext\Freetype-gl</Filter>
    </ClCompile>
    <ClCompile Include="ext\FreetypeGL\freetype-gl-master\edtaa3func.c">
      <Filter>Source Files\ext\Freetype-gl</Filter>
    </ClCompile>
    <ClCompile Include="ext\FreetypeGL\freetype-gl-master\font-manager.c">
      <Filter>Source Files\ext\Freetype-gl</Filter>
    </ClCompile>
    <ClCompile Include="ext\FreetypeGL\freetype-gl-master\ftgl-utils.c">
      <Filter>Source Files\ext\Freetype-gl</Filter>
    </ClCompile>
    <ClCompile Include="ext\FreetypeGL\freetype-gl-master\platform.c">
      <Filter>Source Files\ext\Freetype-gl</Filter>
    </ClCompile>
    <ClCompile Include="ext\FreetypeGL\freetype-gl-master\texture-atlas.c">
      <Filter>Source Files\ext\Freetype-gl</Filter>
    </ClCompile>
    <ClCompile Include="ext\FreetypeGL\freetype-gl-master\texture-font.c">
      <Filter>Source Files\ext\Freetype-gl</Filter>
    </ClCompile>
    <ClCompile Include="ext\FreetypeGL\freetype-gl-master\utf8-utils.c">
      <Filter>Source Files\ext\Freetype-gl</Filter>
    </ClCompile>
    <ClCompile Include="ext\FreetypeGL\freetype-gl-master\vector.c">
      <Filter>Source Files\ext\Freetype-gl</Filter>
    </ClCompile>
    <ClCompile Include="ext\FreetypeGL\freetype-gl-master\vertex-attribute.c">
      <Filter>Source Files\ext\Freetype-gl</Filter>
    </ClCompile>
    <ClCompile Include="ext\FreetypeGL\freetype-gl-master\vertex-buffer.c">
      <Filter>Source Files\ext\Freetype-gl</Filter>
    </ClCompile>
    <ClCompile Include="ext\FreetypeGL\freetype-gl-master\makefont.c">
      <Filter>Source Files\ext\Freetype-gl</Filter>
    </ClCompile>
    <ClCompile Include="ext\FreetypeGL\freetype-gl-master\text-buffer.c">
      <Filter>Source Files\ext\Freetype-gl</Filter>
    </ClCompile>
    <ClCompile Include="ext\FreetypeGL\freetype-gl-master\makefont.c">
      <Filter>Source Files\ext\Freetype-gl</Filter>
    </ClCompile>
  </ItemGroup>
  <ItemGroup>
    <ClInclude Include="header files\Vec3.h">
      <Filter>Header Files</Filter>
    </ClInclude>
    <ClInclude Include="header files\Vec4.h">
      <Filter>Header Files</Filter>
    </ClInclude>
    <ClInclude Include="header files\Vec2.h">
      <Filter>Header Files</Filter>
    </ClInclude>
    <ClInclude Include="header files\Matrix4.h">
      <Filter>Header Files</Filter>
    </ClInclude>
    <ClInclude Include="header files\MyMath.h">
      <Filter>Header Files</Filter>
    </ClInclude>
    <ClInclude Include="header files\FileUtils.h">
      <Filter>Header Files</Filter>
    </ClInclude>
    <ClInclude Include="header files\Shader.h">
      <Filter>Header Files</Filter>
    </ClInclude>
    <ClInclude Include="header files\Window.h">
      <Filter>Header Files</Filter>
    </ClInclude>
    <ClInclude Include="header files\VertexBuffer.h">
      <Filter>Header Files</Filter>
    </ClInclude>
    <ClInclude Include="header files\IndexBuffer.h">
      <Filter>Header Files</Filter>
    </ClInclude>
    <ClInclude Include="header files\VertexArray.h">
      <Filter>Header Files</Filter>
    </ClInclude>
    <ClInclude Include="header files\Renderable2D.h">
      <Filter>Header Files</Filter>
    </ClInclude>
    <ClInclude Include="header files\Renderer2D.h">
      <Filter>Header Files</Filter>
    </ClInclude>
    <ClInclude Include="header files\Simple2DRenderer.h">
      <Filter>Header Files</Filter>
    </ClInclude>
    <ClInclude Include="header files\BatchRenderer2D.h">
      <Filter>Header Files</Filter>
    </ClInclude>
    <ClInclude Include="header files\Sprite.h">
      <Filter>Header Files</Filter>
    </ClInclude>
    <ClInclude Include="header files\StaticSprite.h">
      <Filter>Header Files</Filter>
    </ClInclude>
    <ClInclude Include="source\Utils\Timer.h">
      <Filter>Header Files</Filter>
    </ClInclude>
    <ClInclude Include="header files\Timer.h">
      <Filter>Header Files</Filter>
    </ClInclude>
    <ClInclude Include="header files\Layer.h">
      <Filter>Header Files</Filter>
    </ClInclude>
    <ClInclude Include="header files\TileLayer.h">
      <Filter>Header Files</Filter>
    </ClInclude>
    <ClInclude Include="header files\Texture.h">
      <Filter>Header Files</Filter>
    </ClInclude>
    <ClInclude Include="header files\ImageLoad.h">
      <Filter>Header Files</Filter>
    </ClInclude>
    <ClInclude Include="ext\freetype\include\ft2build.h">
      <Filter>Header Files\ext\Freetype</Filter>
    </ClInclude>
    <ClInclude Include="ext\freetype\include\config\ftconfig.h">
      <Filter>Header Files\ext\Freetype</Filter>
    </ClInclude>
    <ClInclude Include="ext\freetype\include\config\ftheader.h">
      <Filter>Header Files\ext\Freetype</Filter>
    </ClInclude>
    <ClInclude Include="ext\freetype\include\config\ftmodule.h">
      <Filter>Header Files\ext\Freetype</Filter>
    </ClInclude>
    <ClInclude Include="ext\freetype\include\config\ftoption.h">
      <Filter>Header Files\ext\Freetype</Filter>
    </ClInclude>
    <ClInclude Include="ext\freetype\include\config\ftstdlib.h">
      <Filter>Header Files\ext\Freetype</Filter>
    </ClInclude>
    <ClInclude Include="ext\FreetypeGL\freetype-gl-master\distance-field.h">
      <Filter>Header Files\ext\Freetype-gl</Filter>
    </ClInclude>
    <ClInclude Include="ext\FreetypeGL\freetype-gl-master\edtaa3func.h">
      <Filter>Header Files\ext\Freetype-gl</Filter>
    </ClInclude>
    <ClInclude Include="ext\FreetypeGL\freetype-gl-master\font-manager.h">
      <Filter>Header Files\ext\Freetype-gl</Filter>
    </ClInclude>
    <ClInclude Include="ext\FreetypeGL\freetype-gl-master\freetype-gl.h">
      <Filter>Header Files\ext\Freetype-gl</Filter>
    </ClInclude>
    <ClInclude Include="ext\FreetypeGL\freetype-gl-master\freetype-gl-errdef.h">
      <Filter>Header Files\ext\Freetype-gl</Filter>
    </ClInclude>
    <ClInclude Include="ext\FreetypeGL\freetype-gl-master\ftgl-utils.h">
      <Filter>Header Files\ext\Freetype-gl</Filter>
    </ClInclude>
    <ClInclude Include="ext\FreetypeGL\freetype-gl-master\platform.h">
      <Filter>Header Files\ext\Freetype-gl</Filter>
    </ClInclude>
    <ClInclude Include="ext\FreetypeGL\freetype-gl-master\texture-atlas.h">
      <Filter>Header Files\ext\Freetype-gl</Filter>
    </ClInclude>
    <ClInclude Include="ext\FreetypeGL\freetype-gl-master\texture-font.h">
      <Filter>Header Files\ext\Freetype-gl</Filter>
    </ClInclude>
    <ClInclude Include="ext\FreetypeGL\freetype-gl-master\vector.h">
      <Filter>Header Files\ext\Freetype-gl</Filter>
    </ClInclude>
    <ClInclude Include="ext\FreetypeGL\freetype-gl-master\vertex-attribute.h">
      <Filter>Header Files\ext\Freetype-gl</Filter>
    </ClInclude>
    <ClInclude Include="ext\FreetypeGL\freetype-gl-master\vertex-buffer.h">
      <Filter>Header Files\ext\Freetype-gl</Filter>
    </ClInclude>
    <ClInclude Include="ext\FreetypeGL\freetype-gl-master\VisualC\freetype-gl\Development\config.h">
      <Filter>Header Files</Filter>
    </ClInclude>
    <ClInclude Include="ext\FreetypeGL\freetype-gl-master\markup.h">
      <Filter>Header Files\ext\Freetype-gl</Filter>
    </ClInclude>
    <ClInclude Include="ext\FreetypeGL\freetype-gl-master\opengl.h">
      <Filter>Header Files\ext\Freetype-gl</Filter>
    </ClInclude>
    <ClInclude Include="ext\FreetypeGL\freetype-gl-master\text-buffer.h">
      <Filter>Header Files\ext\Freetype-gl</Filter>
    </ClInclude>
    <ClInclude Include="ext\FreetypeGL\freetype-gl-master\utf8-utils.h">
      <Filter>Header Files\ext\Freetype-gl</Filter>
    </ClInclude>
    <ClInclude Include="ext\FreetypeGL\freetype-gl-master\opengl.h">
      <Filter>Header Files</Filter>
    </ClInclude>
    <ClInclude Include="ext\FreetypeGL\freetype-gl-master\utf8-utils.h">
      <Filter>Header Files</Filter>
    </ClInclude>
    <ClInclude Include="ext\FreetypeGL\freetype-gl-master\markup.h">
      <Filter>Header Files</Filter>
    </ClInclude>
    <ClInclude Include="ext\FreetypeGL\freetype-gl-master\markup.h">
      <Filter>Header Files</Filter>
    </ClInclude>
    <ClInclude Include="ext\FreetypeGL\freetype-gl-master\opengl.h">
      <Filter>Header Files</Filter>
    </ClInclude>
    <ClInclude Include="ext\FreetypeGL\freetype-gl-master\utf8-utils.h">
      <Filter>Header Files</Filter>
    </ClInclude>
    <ClInclude Include="ext\FreetypeGL\freetype-gl-master\vec234.h">
      <Filter>Header Files\ext\Freetype-gl</Filter>
    </ClInclude>
  </ItemGroup>
  <ItemGroup>
    <None Include="source\shaders\basic.vert">
      <Filter>src\shaders</Filter>
    </None>
    <None Include="source\shaders\basic.frag">
      <Filter>src\shaders</Filter>
    </None>
  </ItemGroup>
</Project>