<?xml version="1.0" encoding="utf-8"?>
<Project ToolsVersion="4.0" xmlns="http://schemas.microsoft.com/developer/msbuild/2003">
  <ItemGroup>
    <Filter Include="Header Files">
      <UniqueIdentifier>{93995380-89BD-4b04-88EB-625FBE52EBFB}</UniqueIdentifier>
      <Extensions>h;hh;hpp;hxx;h++;hm;inl;inc;ipp;xsd</Extensions>
    </Filter>
    <Filter Include="Resource Files">
      <UniqueIdentifier>{67DA6AB6-F800-4c08-8B7A-83BB121AAD01}</UniqueIdentifier>
      <Extensions>rc;ico;cur;bmp;dlg;rc2;rct;bin;rgs;gif;jpg;jpeg;jpe;resx;tiff;tif;png;wav;mfcribbon-ms</Extensions>
    </Filter>
    <Filter Include="src">
      <UniqueIdentifier>{4FC737F1-C7A5-4376-A066-2A32D752A2FF}</UniqueIdentifier>
      <Extensions>cpp;c;cc;cxx;c++;cppm;ixx;def;odl;idl;hpj;bat;asm;asmx</Extensions>
    </Filter>
    <Filter Include="src\maths">
      <UniqueIdentifier>{6dd8d718-6658-4c81-b801-f6bcc5d62281}</UniqueIdentifier>
    </Filter>
    <Filter Include="src\graphics">
      <UniqueIdentifier>{d5f8e2ec-650f-4905-a440-51db02df4322}</UniqueIdentifier>
    </Filter>
    <Filter Include="src\input">
      <UniqueIdentifier>{36c072f1-197a-4313-b2fc-abd3db0a45a1}</UniqueIdentifier>
    </Filter>
    <Filter Include="src\utils">
      <UniqueIdentifier>{c92f3912-f86c-4579-adae-5fb2e90bebac}</UniqueIdentifier>
    </Filter>
    <Filter Include="src\shaders">
      <UniqueIdentifier>{336a5f5b-af49-477b-957f-d64612a322f7}</UniqueIdentifier>
    </Filter>
    <Filter Include="src\graphics\Buffers">
      <UniqueIdentifier>{32345268-518a-44b2-8dc6-a5271f02b12a}</UniqueIdentifier>
    </Filter>
  </ItemGroup>
  <ItemGroup>
    <ClCompile Include="source\main.cpp">
      <Filter>src</Filter>
    </ClCompile>
    <ClCompile Include="source\graphics\Window.cpp">
      <Filter>src\graphics</Filter>
    </ClCompile>
    <ClCompile Include="source\math\Vec2.cpp">
      <Filter>src\maths</Filter>
    </ClCompile>
    <ClCompile Include="source\math\Vec3.cpp">
      <Filter>src\maths</Filter>
    </ClCompile>
    <ClCompile Include="source\math\Vec4.cpp">
      <Filter>src\maths</Filter>
    </ClCompile>
    <ClCompile Include="source\math\Matrix4.cpp">
      <Filter>src\maths</Filter>
    </ClCompile>
    <ClCompile Include="source\graphics\Shader.cpp">
      <Filter>src\graphics</Filter>
    </ClCompile>
    <ClCompile Include="source\graphics\buffer\VertexBuffer.cpp">
      <Filter>src</Filter>
    </ClCompile>
    <ClCompile Include="source\graphics\buffer\IndexBuffer.cpp">
      <Filter>src</Filter>
    </ClCompile>
    <ClCompile Include="source\graphics\buffer\VertexArray.cpp">
      <Filter>src</Filter>
    </ClCompile>
    <ClCompile Include="source\graphics\Simple2DRenderer.cpp">
      <Filter>src</Filter>
    </ClCompile>
    <ClCompile Include="source\graphics\BatchRenderer2D.cpp">
      <Filter>src</Filter>
    </ClCompile>
    <ClCompile Include="source\graphics\StaticSprite.cpp">
      <Filter>src</Filter>
    </ClCompile>
    <ClCompile Include="source\graphics\Sprite.cpp">
      <Filter>src</Filter>
    </ClCompile>
    <ClCompile Include="source\graphics\layers\Layer.cpp">
      <Filter>src</Filter>
    </ClCompile>
    <ClCompile Include="source\graphics\layers\TileLayer.cpp">
      <Filter>src</Filter>
    </ClCompile>
    <ClCompile Include="source\graphics\Group.cpp">
      <Filter>src</Filter>
    </ClCompile>
    <ClCompile Include="source\graphics\Texture.cpp">
      <Filter>src</Filter>
    </ClCompile>
  </ItemGroup>
  <ItemGroup>
    <ClInclude Include="header files\Vec3.h">
      <Filter>Header Files</Filter>
    </ClInclude>
    <ClInclude Include="header files\Vec4.h">
      <Filter>Header Files</Filter>
    </ClInclude>
    <ClInclude Include="header files\Vec2.h">
      <Filter>Header Files</Filter>
    </ClInclude>
    <ClInclude Include="header files\Matrix4.h">
      <Filter>Header Files</Filter>
    </ClInclude>
    <ClInclude Include="header files\MyMath.h">
      <Filter>Header Files</Filter>
    </ClInclude>
    <ClInclude Include="header files\FileUtils.h">
      <Filter>Header Files</Filter>
    </ClInclude>
    <ClInclude Include="header files\Shader.h">
      <Filter>Header Files</Filter>
    </ClInclude>
    <ClInclude Include="header files\Window.h">
      <Filter>Header Files</Filter>
    </ClInclude>
    <ClInclude Include="header files\VertexBuffer.h">
      <Filter>Header Files</Filter>
    </ClInclude>
    <ClInclude Include="header files\IndexBuffer.h">
      <Filter>Header Files</Filter>
    </ClInclude>
    <ClInclude Include="header files\VertexArray.h">
      <Filter>Header Files</Filter>
    </ClInclude>
    <ClInclude Include="header files\Renderable2D.h">
      <Filter>Header Files</Filter>
    </ClInclude>
    <ClInclude Include="header files\Renderer2D.h">
      <Filter>Header Files</Filter>
    </ClInclude>
    <ClInclude Include="header files\Simple2DRenderer.h">
      <Filter>Header Files</Filter>
    </ClInclude>
    <ClInclude Include="header files\BatchRenderer2D.h">
      <Filter>Header Files</Filter>
    </ClInclude>
    <ClInclude Include="header files\Sprite.h">
      <Filter>Header Files</Filter>
    </ClInclude>
    <ClInclude Include="header files\StaticSprite.h">
      <Filter>Header Files</Filter>
    </ClInclude>
    <ClInclude Include="source\Utils\Timer.h">
      <Filter>Header Files</Filter>
    </ClInclude>
    <ClInclude Include="header files\Timer.h">
      <Filter>Header Files</Filter>
    </ClInclude>
    <ClInclude Include="header files\Layer.h">
      <Filter>Header Files</Filter>
    </ClInclude>
    <ClInclude Include="header files\TileLayer.h">
      <Filter>Header Files</Filter>
    </ClInclude>
    <ClInclude Include="header files\Group.h">
      <Filter>Header Files</Filter>
    </ClInclude>
    <ClInclude Include="header files\Texture.h">
      <Filter>Header Files</Filter>
    </ClInclude>
    <ClInclude Include="header files\ImageLoad.h">
      <Filter>Header Files</Filter>
    </ClInclude>
  </ItemGroup>
  <ItemGroup>
    <None Include="source\shaders\basic.vert">
      <Filter>src\shaders</Filter>
    </None>
    <None Include="source\shaders\basic.frag">
      <Filter>src\shaders</Filter>
    </None>
  </ItemGroup>
</Project>